// !$*UTF8*$!
{
	archiveVersion = 1;
	classes = {
	};
	objectVersion = 46;
	objects = {

/* Begin PBXBuildFile section */
		04AC93D71A4895F200B9DD7F /* AppDelegate.swift in Sources */ = {isa = PBXBuildFile; fileRef = 04AC93D61A4895F200B9DD7F /* AppDelegate.swift */; };
		04AC93DB1A4895F200B9DD7F /* GameScene.swift in Sources */ = {isa = PBXBuildFile; fileRef = 04AC93DA1A4895F200B9DD7F /* GameScene.swift */; };
		04AC93DD1A4895F200B9DD7F /* GameViewController.swift in Sources */ = {isa = PBXBuildFile; fileRef = 04AC93DC1A4895F200B9DD7F /* GameViewController.swift */; };
		04AC93E01A4895F200B9DD7F /* Main.storyboard in Resources */ = {isa = PBXBuildFile; fileRef = 04AC93DE1A4895F200B9DD7F /* Main.storyboard */; };
		04AC93E21A4895F200B9DD7F /* Images.xcassets in Resources */ = {isa = PBXBuildFile; fileRef = 04AC93E11A4895F200B9DD7F /* Images.xcassets */; };
		04AC93E51A4895F200B9DD7F /* LaunchScreen.xib in Resources */ = {isa = PBXBuildFile; fileRef = 04AC93E31A4895F200B9DD7F /* LaunchScreen.xib */; };
		04AC93F11A4895F200B9DD7F /* SwiftrisTests.swift in Sources */ = {isa = PBXBuildFile; fileRef = 04AC93F01A4895F200B9DD7F /* SwiftrisTests.swift */; };
		04AC94001A48976800B9DD7F /* bomb.mp3 in Resources */ = {isa = PBXBuildFile; fileRef = 04AC93FB1A48976800B9DD7F /* bomb.mp3 */; };
		04AC94011A48976800B9DD7F /* drop.mp3 in Resources */ = {isa = PBXBuildFile; fileRef = 04AC93FC1A48976800B9DD7F /* drop.mp3 */; };
		04AC94021A48976800B9DD7F /* gameover.mp3 in Resources */ = {isa = PBXBuildFile; fileRef = 04AC93FD1A48976800B9DD7F /* gameover.mp3 */; };
		04AC94031A48976800B9DD7F /* levelup.mp3 in Resources */ = {isa = PBXBuildFile; fileRef = 04AC93FE1A48976800B9DD7F /* levelup.mp3 */; };
		04AC94041A48976800B9DD7F /* theme.mp3 in Resources */ = {isa = PBXBuildFile; fileRef = 04AC93FF1A48976800B9DD7F /* theme.mp3 */; };
		04AC94061A48978200B9DD7F /* Sprites.atlas in Resources */ = {isa = PBXBuildFile; fileRef = 04AC94051A48978200B9DD7F /* Sprites.atlas */; };
		04AC940D1A4897A100B9DD7F /* background.png in Resources */ = {isa = PBXBuildFile; fileRef = 04AC94071A4897A100B9DD7F /* background.png */; };
		04AC940E1A4897A100B9DD7F /* background@2x.png in Resources */ = {isa = PBXBuildFile; fileRef = 04AC94081A4897A100B9DD7F /* background@2x.png */; };
		04AC940F1A4897A100B9DD7F /* gameboard.png in Resources */ = {isa = PBXBuildFile; fileRef = 04AC94091A4897A100B9DD7F /* gameboard.png */; };
		04AC94101A4897A100B9DD7F /* gameboard@2x.png in Resources */ = {isa = PBXBuildFile; fileRef = 04AC940A1A4897A100B9DD7F /* gameboard@2x.png */; };
		04AC94111A4897A100B9DD7F /* whitebg.png in Resources */ = {isa = PBXBuildFile; fileRef = 04AC940B1A4897A100B9DD7F /* whitebg.png */; };
		04AC94121A4897A100B9DD7F /* whitebg@2x.png in Resources */ = {isa = PBXBuildFile; fileRef = 04AC940C1A4897A100B9DD7F /* whitebg@2x.png */; };
		04AC94141A489B1800B9DD7F /* Array2D.swift in Sources */ = {isa = PBXBuildFile; fileRef = 04AC94131A489B1800B9DD7F /* Array2D.swift */; };
		04AC94161A489DBF00B9DD7F /* Block.swift in Sources */ = {isa = PBXBuildFile; fileRef = 04AC94151A489DBF00B9DD7F /* Block.swift */; };
/* End PBXBuildFile section */

/* Begin PBXContainerItemProxy section */
		04AC93EB1A4895F200B9DD7F /* PBXContainerItemProxy */ = {
			isa = PBXContainerItemProxy;
			containerPortal = 04AC93C91A4895F200B9DD7F /* Project object */;
			proxyType = 1;
			remoteGlobalIDString = 04AC93D01A4895F200B9DD7F;
			remoteInfo = Swiftris;
		};
/* End PBXContainerItemProxy section */

/* Begin PBXFileReference section */
		04AC93D11A4895F200B9DD7F /* Swiftris.app */ = {isa = PBXFileReference; explicitFileType = wrapper.application; includeInIndex = 0; path = Swiftris.app; sourceTree = BUILT_PRODUCTS_DIR; };
		04AC93D51A4895F200B9DD7F /* Info.plist */ = {isa = PBXFileReference; lastKnownFileType = text.plist.xml; path = Info.plist; sourceTree = "<group>"; };
		04AC93D61A4895F200B9DD7F /* AppDelegate.swift */ = {isa = PBXFileReference; lastKnownFileType = sourcecode.swift; path = AppDelegate.swift; sourceTree = "<group>"; };
		04AC93DA1A4895F200B9DD7F /* GameScene.swift */ = {isa = PBXFileReference; lastKnownFileType = sourcecode.swift; path = GameScene.swift; sourceTree = "<group>"; };
		04AC93DC1A4895F200B9DD7F /* GameViewController.swift */ = {isa = PBXFileReference; lastKnownFileType = sourcecode.swift; path = GameViewController.swift; sourceTree = "<group>"; };
		04AC93DF1A4895F200B9DD7F /* Base */ = {isa = PBXFileReference; lastKnownFileType = file.storyboard; name = Base; path = Base.lproj/Main.storyboard; sourceTree = "<group>"; };
		04AC93E11A4895F200B9DD7F /* Images.xcassets */ = {isa = PBXFileReference; lastKnownFileType = folder.assetcatalog; path = Images.xcassets; sourceTree = "<group>"; };
		04AC93E41A4895F200B9DD7F /* Base */ = {isa = PBXFileReference; lastKnownFileType = file.xib; name = Base; path = Base.lproj/LaunchScreen.xib; sourceTree = "<group>"; };
		04AC93EA1A4895F200B9DD7F /* SwiftrisTests.xctest */ = {isa = PBXFileReference; explicitFileType = wrapper.cfbundle; includeInIndex = 0; path = SwiftrisTests.xctest; sourceTree = BUILT_PRODUCTS_DIR; };
		04AC93EF1A4895F200B9DD7F /* Info.plist */ = {isa = PBXFileReference; lastKnownFileType = text.plist.xml; path = Info.plist; sourceTree = "<group>"; };
		04AC93F01A4895F200B9DD7F /* SwiftrisTests.swift */ = {isa = PBXFileReference; lastKnownFileType = sourcecode.swift; path = SwiftrisTests.swift; sourceTree = "<group>"; };
		04AC93FB1A48976800B9DD7F /* bomb.mp3 */ = {isa = PBXFileReference; lastKnownFileType = audio.mp3; path = bomb.mp3; sourceTree = "<group>"; };
		04AC93FC1A48976800B9DD7F /* drop.mp3 */ = {isa = PBXFileReference; lastKnownFileType = audio.mp3; path = drop.mp3; sourceTree = "<group>"; };
		04AC93FD1A48976800B9DD7F /* gameover.mp3 */ = {isa = PBXFileReference; lastKnownFileType = audio.mp3; path = gameover.mp3; sourceTree = "<group>"; };
		04AC93FE1A48976800B9DD7F /* levelup.mp3 */ = {isa = PBXFileReference; lastKnownFileType = audio.mp3; path = levelup.mp3; sourceTree = "<group>"; };
		04AC93FF1A48976800B9DD7F /* theme.mp3 */ = {isa = PBXFileReference; lastKnownFileType = audio.mp3; path = theme.mp3; sourceTree = "<group>"; };
		04AC94051A48978200B9DD7F /* Sprites.atlas */ = {isa = PBXFileReference; lastKnownFileType = folder.skatlas; path = Sprites.atlas; sourceTree = "<group>"; };
		04AC94071A4897A100B9DD7F /* background.png */ = {isa = PBXFileReference; lastKnownFileType = image.png; path = background.png; sourceTree = "<group>"; };
		04AC94081A4897A100B9DD7F /* background@2x.png */ = {isa = PBXFileReference; lastKnownFileType = image.png; path = "background@2x.png"; sourceTree = "<group>"; };
		04AC94091A4897A100B9DD7F /* gameboard.png */ = {isa = PBXFileReference; lastKnownFileType = image.png; path = gameboard.png; sourceTree = "<group>"; };
		04AC940A1A4897A100B9DD7F /* gameboard@2x.png */ = {isa = PBXFileReference; lastKnownFileType = image.png; path = "gameboard@2x.png"; sourceTree = "<group>"; };
		04AC940B1A4897A100B9DD7F /* whitebg.png */ = {isa = PBXFileReference; lastKnownFileType = image.png; path = whitebg.png; sourceTree = "<group>"; };
		04AC940C1A4897A100B9DD7F /* whitebg@2x.png */ = {isa = PBXFileReference; lastKnownFileType = image.png; path = "whitebg@2x.png"; sourceTree = "<group>"; };
		04AC94131A489B1800B9DD7F /* Array2D.swift */ = {isa = PBXFileReference; fileEncoding = 4; lastKnownFileType = sourcecode.swift; path = Array2D.swift; sourceTree = "<group>"; };
		04AC94151A489DBF00B9DD7F /* Block.swift */ = {isa = PBXFileReference; fileEncoding = 4; lastKnownFileType = sourcecode.swift; path = Block.swift; sourceTree = "<group>"; };
/* End PBXFileReference section */

/* Begin PBXFrameworksBuildPhase section */
		04AC93CE1A4895F200B9DD7F /* Frameworks */ = {
			isa = PBXFrameworksBuildPhase;
			buildActionMask = 2147483647;
			files = (
			);
			runOnlyForDeploymentPostprocessing = 0;
		};
		04AC93E71A4895F200B9DD7F /* Frameworks */ = {
			isa = PBXFrameworksBuildPhase;
			buildActionMask = 2147483647;
			files = (
			);
			runOnlyForDeploymentPostprocessing = 0;
		};
/* End PBXFrameworksBuildPhase section */

/* Begin PBXGroup section */
		04AC93C81A4895F200B9DD7F = {
			isa = PBXGroup;
			children = (
				04AC93D31A4895F200B9DD7F /* Swiftris */,
				04AC93ED1A4895F200B9DD7F /* SwiftrisTests */,
				04AC93D21A4895F200B9DD7F /* Products */,
			);
			sourceTree = "<group>";
		};
		04AC93D21A4895F200B9DD7F /* Products */ = {
			isa = PBXGroup;
			children = (
				04AC93D11A4895F200B9DD7F /* Swiftris.app */,
				04AC93EA1A4895F200B9DD7F /* SwiftrisTests.xctest */,
			);
			name = Products;
			sourceTree = "<group>";
		};
		04AC93D31A4895F200B9DD7F /* Swiftris */ = {
			isa = PBXGroup;
			children = (
				04AC93D61A4895F200B9DD7F /* AppDelegate.swift */,
				04AC93DA1A4895F200B9DD7F /* GameScene.swift */,
				04AC93DC1A4895F200B9DD7F /* GameViewController.swift */,
				04AC94131A489B1800B9DD7F /* Array2D.swift */,
				04AC94151A489DBF00B9DD7F /* Block.swift */,
				04AC93DE1A4895F200B9DD7F /* Main.storyboard */,
				04AC93E11A4895F200B9DD7F /* Images.xcassets */,
				04AC93E31A4895F200B9DD7F /* LaunchScreen.xib */,
				04AC93FA1A48976800B9DD7F /* Sounds */,
				04AC94051A48978200B9DD7F /* Sprites.atlas */,
				04AC93D41A4895F200B9DD7F /* Supporting Files */,
			);
			path = Swiftris;
			sourceTree = "<group>";
		};
		04AC93D41A4895F200B9DD7F /* Supporting Files */ = {
			isa = PBXGroup;
			children = (
				04AC94071A4897A100B9DD7F /* background.png */,
				04AC94081A4897A100B9DD7F /* background@2x.png */,
				04AC94091A4897A100B9DD7F /* gameboard.png */,
				04AC940A1A4897A100B9DD7F /* gameboard@2x.png */,
				04AC940B1A4897A100B9DD7F /* whitebg.png */,
				04AC940C1A4897A100B9DD7F /* whitebg@2x.png */,
				04AC93D51A4895F200B9DD7F /* Info.plist */,
			);
			name = "Supporting Files";
			sourceTree = "<group>";
		};
		04AC93ED1A4895F200B9DD7F /* SwiftrisTests */ = {
			isa = PBXGroup;
			children = (
				04AC93F01A4895F200B9DD7F /* SwiftrisTests.swift */,
				04AC93EE1A4895F200B9DD7F /* Supporting Files */,
			);
			path = SwiftrisTests;
			sourceTree = "<group>";
		};
		04AC93EE1A4895F200B9DD7F /* Supporting Files */ = {
			isa = PBXGroup;
			children = (
				04AC93EF1A4895F200B9DD7F /* Info.plist */,
			);
			name = "Supporting Files";
			sourceTree = "<group>";
		};
		04AC93FA1A48976800B9DD7F /* Sounds */ = {
			isa = PBXGroup;
			children = (
				04AC93FB1A48976800B9DD7F /* bomb.mp3 */,
				04AC93FC1A48976800B9DD7F /* drop.mp3 */,
				04AC93FD1A48976800B9DD7F /* gameover.mp3 */,
				04AC93FE1A48976800B9DD7F /* levelup.mp3 */,
				04AC93FF1A48976800B9DD7F /* theme.mp3 */,
			);
			path = Sounds;
			sourceTree = "<group>";
		};
/* End PBXGroup section */

/* Begin PBXNativeTarget section */
		04AC93D01A4895F200B9DD7F /* Swiftris */ = {
			isa = PBXNativeTarget;
			buildConfigurationList = 04AC93F41A4895F200B9DD7F /* Build configuration list for PBXNativeTarget "Swiftris" */;
			buildPhases = (
				04AC93CD1A4895F200B9DD7F /* Sources */,
				04AC93CE1A4895F200B9DD7F /* Frameworks */,
				04AC93CF1A4895F200B9DD7F /* Resources */,
			);
			buildRules = (
			);
			dependencies = (
			);
			name = Swiftris;
			productName = Swiftris;
			productReference = 04AC93D11A4895F200B9DD7F /* Swiftris.app */;
			productType = "com.apple.product-type.application";
		};
		04AC93E91A4895F200B9DD7F /* SwiftrisTests */ = {
			isa = PBXNativeTarget;
			buildConfigurationList = 04AC93F71A4895F200B9DD7F /* Build configuration list for PBXNativeTarget "SwiftrisTests" */;
			buildPhases = (
				04AC93E61A4895F200B9DD7F /* Sources */,
				04AC93E71A4895F200B9DD7F /* Frameworks */,
				04AC93E81A4895F200B9DD7F /* Resources */,
			);
			buildRules = (
			);
			dependencies = (
				04AC93EC1A4895F200B9DD7F /* PBXTargetDependency */,
			);
			name = SwiftrisTests;
			productName = SwiftrisTests;
			productReference = 04AC93EA1A4895F200B9DD7F /* SwiftrisTests.xctest */;
			productType = "com.apple.product-type.bundle.unit-test";
		};
/* End PBXNativeTarget section */

/* Begin PBXProject section */
		04AC93C91A4895F200B9DD7F /* Project object */ = {
			isa = PBXProject;
			attributes = {
				LastUpgradeCheck = 0610;
				ORGANIZATIONNAME = MEB;
				TargetAttributes = {
					04AC93D01A4895F200B9DD7F = {
						CreatedOnToolsVersion = 6.1.1;
					};
					04AC93E91A4895F200B9DD7F = {
						CreatedOnToolsVersion = 6.1.1;
						TestTargetID = 04AC93D01A4895F200B9DD7F;
					};
				};
			};
			buildConfigurationList = 04AC93CC1A4895F200B9DD7F /* Build configuration list for PBXProject "Swiftris" */;
			compatibilityVersion = "Xcode 3.2";
			developmentRegion = English;
			hasScannedForEncodings = 0;
			knownRegions = (
				en,
				Base,
			);
			mainGroup = 04AC93C81A4895F200B9DD7F;
			productRefGroup = 04AC93D21A4895F200B9DD7F /* Products */;
			projectDirPath = "";
			projectRoot = "";
			targets = (
				04AC93D01A4895F200B9DD7F /* Swiftris */,
				04AC93E91A4895F200B9DD7F /* SwiftrisTests */,
			);
		};
/* End PBXProject section */

/* Begin PBXResourcesBuildPhase section */
		04AC93CF1A4895F200B9DD7F /* Resources */ = {
			isa = PBXResourcesBuildPhase;
			buildActionMask = 2147483647;
			files = (
				04AC93E51A4895F200B9DD7F /* LaunchScreen.xib in Resources */,
				04AC940E1A4897A100B9DD7F /* background@2x.png in Resources */,
				04AC94111A4897A100B9DD7F /* whitebg.png in Resources */,
				04AC94101A4897A100B9DD7F /* gameboard@2x.png in Resources */,
				04AC940F1A4897A100B9DD7F /* gameboard.png in Resources */,
				04AC940D1A4897A100B9DD7F /* background.png in Resources */,
				04AC94011A48976800B9DD7F /* drop.mp3 in Resources */,
				04AC94121A4897A100B9DD7F /* whitebg@2x.png in Resources */,
				04AC94041A48976800B9DD7F /* theme.mp3 in Resources */,
				04AC94021A48976800B9DD7F /* gameover.mp3 in Resources */,
				04AC93E21A4895F200B9DD7F /* Images.xcassets in Resources */,
				04AC94031A48976800B9DD7F /* levelup.mp3 in Resources */,
				04AC94061A48978200B9DD7F /* Sprites.atlas in Resources */,
				04AC94001A48976800B9DD7F /* bomb.mp3 in Resources */,
				04AC93E01A4895F200B9DD7F /* Main.storyboard in Resources */,
			);
			runOnlyForDeploymentPostprocessing = 0;
		};
		04AC93E81A4895F200B9DD7F /* Resources */ = {
			isa = PBXResourcesBuildPhase;
			buildActionMask = 2147483647;
			files = (
			);
			runOnlyForDeploymentPostprocessing = 0;
		};
/* End PBXResourcesBuildPhase section */

/* Begin PBXSourcesBuildPhase section */
		04AC93CD1A4895F200B9DD7F /* Sources */ = {
			isa = PBXSourcesBuildPhase;
			buildActionMask = 2147483647;
			files = (
				04AC93DB1A4895F200B9DD7F /* GameScene.swift in Sources */,
				04AC94141A489B1800B9DD7F /* Array2D.swift in Sources */,
				04AC94161A489DBF00B9DD7F /* Block.swift in Sources */,
				04AC93DD1A4895F200B9DD7F /* GameViewController.swift in Sources */,
				04AC93D71A4895F200B9DD7F /* AppDelegate.swift in Sources */,
			);
			runOnlyForDeploymentPostprocessing = 0;
		};
		04AC93E61A4895F200B9DD7F /* Sources */ = {
			isa = PBXSourcesBuildPhase;
			buildActionMask = 2147483647;
			files = (
				04AC93F11A4895F200B9DD7F /* SwiftrisTests.swift in Sources */,
			);
			runOnlyForDeploymentPostprocessing = 0;
		};
/* End PBXSourcesBuildPhase section */

/* Begin PBXTargetDependency section */
		04AC93EC1A4895F200B9DD7F /* PBXTargetDependency */ = {
			isa = PBXTargetDependency;
			target = 04AC93D01A4895F200B9DD7F /* Swiftris */;
			targetProxy = 04AC93EB1A4895F200B9DD7F /* PBXContainerItemProxy */;
		};
/* End PBXTargetDependency section */

/* Begin PBXVariantGroup section */
		04AC93DE1A4895F200B9DD7F /* Main.storyboard */ = {
			isa = PBXVariantGroup;
			children = (
				04AC93DF1A4895F200B9DD7F /* Base */,
			);
			name = Main.storyboard;
			sourceTree = "<group>";
		};
		04AC93E31A4895F200B9DD7F /* LaunchScreen.xib */ = {
			isa = PBXVariantGroup;
			children = (
				04AC93E41A4895F200B9DD7F /* Base */,
			);
			name = LaunchScreen.xib;
			sourceTree = "<group>";
		};
/* End PBXVariantGroup section */

/* Begin XCBuildConfiguration section */
		04AC93F21A4895F200B9DD7F /* Debug */ = {
			isa = XCBuildConfiguration;
			buildSettings = {
				ALWAYS_SEARCH_USER_PATHS = NO;
				CLANG_CXX_LANGUAGE_STANDARD = "gnu++0x";
				CLANG_CXX_LIBRARY = "libc++";
				CLANG_ENABLE_MODULES = YES;
				CLANG_ENABLE_OBJC_ARC = YES;
				CLANG_WARN_BOOL_CONVERSION = YES;
				CLANG_WARN_CONSTANT_CONVERSION = YES;
				CLANG_WARN_DIRECT_OBJC_ISA_USAGE = YES_ERROR;
				CLANG_WARN_EMPTY_BODY = YES;
				CLANG_WARN_ENUM_CONVERSION = YES;
				CLANG_WARN_INT_CONVERSION = YES;
				CLANG_WARN_OBJC_ROOT_CLASS = YES_ERROR;
				CLANG_WARN_UNREACHABLE_CODE = YES;
				CLANG_WARN__DUPLICATE_METHOD_MATCH = YES;
				"CODE_SIGN_IDENTITY[sdk=iphoneos*]" = "iPhone Developer";
				COPY_PHASE_STRIP = NO;
				ENABLE_STRICT_OBJC_MSGSEND = YES;
				GCC_C_LANGUAGE_STANDARD = gnu99;
				GCC_DYNAMIC_NO_PIC = NO;
				GCC_OPTIMIZATION_LEVEL = 0;
				GCC_PREPROCESSOR_DEFINITIONS = (
					"DEBUG=1",
					"$(inherited)",
				);
				GCC_SYMBOLS_PRIVATE_EXTERN = NO;
				GCC_WARN_64_TO_32_BIT_CONVERSION = YES;
				GCC_WARN_ABOUT_RETURN_TYPE = YES_ERROR;
				GCC_WARN_UNDECLARED_SELECTOR = YES;
				GCC_WARN_UNINITIALIZED_AUTOS = YES_AGGRESSIVE;
				GCC_WARN_UNUSED_FUNCTION = YES;
				GCC_WARN_UNUSED_VARIABLE = YES;
				IPHONEOS_DEPLOYMENT_TARGET = 8.1;
				MTL_ENABLE_DEBUG_INFO = YES;
				ONLY_ACTIVE_ARCH = YES;
				SDKROOT = iphoneos;
				SWIFT_OPTIMIZATION_LEVEL = "-Onone";
			};
			name = Debug;
		};
		04AC93F31A4895F200B9DD7F /* Release */ = {
			isa = XCBuildConfiguration;
			buildSettings = {
				ALWAYS_SEARCH_USER_PATHS = NO;
				CLANG_CXX_LANGUAGE_STANDARD = "gnu++0x";
				CLANG_CXX_LIBRARY = "libc++";
				CLANG_ENABLE_MODULES = YES;
				CLANG_ENABLE_OBJC_ARC = YES;
				CLANG_WARN_BOOL_CONVERSION = YES;
				CLANG_WARN_CONSTANT_CONVERSION = YES;
				CLANG_WARN_DIRECT_OBJC_ISA_USAGE = YES_ERROR;
				CLANG_WARN_EMPTY_BODY = YES;
				CLANG_WARN_ENUM_CONVERSION = YES;
				CLANG_WARN_INT_CONVERSION = YES;
				CLANG_WARN_OBJC_ROOT_CLASS = YES_ERROR;
				CLANG_WARN_UNREACHABLE_CODE = YES;
				CLANG_WARN__DUPLICATE_METHOD_MATCH = YES;
				"CODE_SIGN_IDENTITY[sdk=iphoneos*]" = "iPhone Developer";
				COPY_PHASE_STRIP = YES;
				ENABLE_NS_ASSERTIONS = NO;
				ENABLE_STRICT_OBJC_MSGSEND = YES;
				GCC_C_LANGUAGE_STANDARD = gnu99;
				GCC_WARN_64_TO_32_BIT_CONVERSION = YES;
				GCC_WARN_ABOUT_RETURN_TYPE = YES_ERROR;
				GCC_WARN_UNDECLARED_SELECTOR = YES;
				GCC_WARN_UNINITIALIZED_AUTOS = YES_AGGRESSIVE;
				GCC_WARN_UNUSED_FUNCTION = YES;
				GCC_WARN_UNUSED_VARIABLE = YES;
				IPHONEOS_DEPLOYMENT_TARGET = 8.1;
				MTL_ENABLE_DEBUG_INFO = NO;
				SDKROOT = iphoneos;
				VALIDATE_PRODUCT = YES;
			};
			name = Release;
		};
		04AC93F51A4895F200B9DD7F /* Debug */ = {
			isa = XCBuildConfiguration;
			buildSettings = {
				ASSETCATALOG_COMPILER_APPICON_NAME = AppIcon;
				INFOPLIST_FILE = Swiftris/Info.plist;
				LD_RUNPATH_SEARCH_PATHS = "$(inherited) @executable_path/Frameworks";
				PRODUCT_NAME = "$(TARGET_NAME)";
			};
			name = Debug;
		};
		04AC93F61A4895F200B9DD7F /* Release */ = {
			isa = XCBuildConfiguration;
			buildSettings = {
				ASSETCATALOG_COMPILER_APPICON_NAME = AppIcon;
				INFOPLIST_FILE = Swiftris/Info.plist;
				LD_RUNPATH_SEARCH_PATHS = "$(inherited) @executable_path/Frameworks";
				PRODUCT_NAME = "$(TARGET_NAME)";
			};
			name = Release;
		};
		04AC93F81A4895F200B9DD7F /* Debug */ = {
			isa = XCBuildConfiguration;
			buildSettings = {
				BUNDLE_LOADER = "$(TEST_HOST)";
				FRAMEWORK_SEARCH_PATHS = (
					"$(SDKROOT)/Developer/Library/Frameworks",
					"$(inherited)",
				);
				GCC_PREPROCESSOR_DEFINITIONS = (
					"DEBUG=1",
					"$(inherited)",
				);
				INFOPLIST_FILE = SwiftrisTests/Info.plist;
				LD_RUNPATH_SEARCH_PATHS = "$(inherited) @executable_path/Frameworks @loader_path/Frameworks";
				PRODUCT_NAME = "$(TARGET_NAME)";
				TEST_HOST = "$(BUILT_PRODUCTS_DIR)/Swiftris.app/Swiftris";
			};
			name = Debug;
		};
		04AC93F91A4895F200B9DD7F /* Release */ = {
			isa = XCBuildConfiguration;
			buildSettings = {
				BUNDLE_LOADER = "$(TEST_HOST)";
				FRAMEWORK_SEARCH_PATHS = (
					"$(SDKROOT)/Developer/Library/Frameworks",
					"$(inherited)",
				);
				INFOPLIST_FILE = SwiftrisTests/Info.plist;
				LD_RUNPATH_SEARCH_PATHS = "$(inherited) @executable_path/Frameworks @loader_path/Frameworks";
				PRODUCT_NAME = "$(TARGET_NAME)";
				TEST_HOST = "$(BUILT_PRODUCTS_DIR)/Swiftris.app/Swiftris";
			};
			name = Release;
		};
/* End XCBuildConfiguration section */

/* Begin XCConfigurationList section */
		04AC93CC1A4895F200B9DD7F /* Build configuration list for PBXProject "Swiftris" */ = {
			isa = XCConfigurationList;
			buildConfigurations = (
				04AC93F21A4895F200B9DD7F /* Debug */,
				04AC93F31A4895F200B9DD7F /* Release */,
			);
			defaultConfigurationIsVisible = 0;
			defaultConfigurationName = Release;
		};
		04AC93F41A4895F200B9DD7F /* Build configuration list for PBXNativeTarget "Swiftris" */ = {
			isa = XCConfigurationList;
			buildConfigurations = (
				04AC93F51A4895F200B9DD7F /* Debug */,
				04AC93F61A4895F200B9DD7F /* Release */,
			);
			defaultConfigurationIsVisible = 0;
		};
		04AC93F71A4895F200B9DD7F /* Build configuration list for PBXNativeTarget "SwiftrisTests" */ = {
			isa = XCConfigurationList;
			buildConfigurations = (
				04AC93F81A4895F200B9DD7F /* Debug */,
				04AC93F91A4895F200B9DD7F /* Release */,
			);
			defaultConfigurationIsVisible = 0;
		};
/* End XCConfigurationList section */
	};
	rootObject = 04AC93C91A4895F200B9DD7F /* Project object */;
}
